
Microsoft Visual Studio Solution File, Format Version 12.00
# Visual Studio Version 17
VisualStudioVersion = 17.5.33516.290
MinimumVisualStudioVersion = 10.0.40219.1
Project("{FAE04EC0-301F-11D3-BF4B-00C04F79EFBC}") = "MyFinalProject", "MyFinalProject\MyFinalProject.csproj", "{3C5864F0-37BF-4537-983E-730B4CA4067D}"
EndProject
Global
	GlobalSection(SolutionConfigurationPlatforms) = preSolution
		Debug|Any CPU = Debug|Any CPU
		Release|Any CPU = Release|Any CPU
	EndGlobalSection
	GlobalSection(ProjectConfigurationPlatforms) = postSolution
		{3C5864F0-37BF-4537-983E-730B4CA4067D}.Debug|Any CPU.ActiveCfg = Debug|Any CPU
		{3C5864F0-37BF-4537-983E-730B4CA4067D}.Debug|Any CPU.Build.0 = Debug|Any CPU
		{3C5864F0-37BF-4537-983E-730B4CA4067D}.Release|Any CPU.ActiveCfg = Release|Any CPU
		{3C5864F0-37BF-4537-983E-730B4CA4067D}.Release|Any CPU.Build.0 = Release|Any CPU
	EndGlobalSection
	GlobalSection(SolutionProperties) = preSolution
		HideSolutionNode = FALSE
	EndGlobalSection
	GlobalSection(ExtensibilityGlobals) = postSolution
		SolutionGuid = {AD4B345C-57DE-4AA8-9170-570A9EC6B4EB}
	EndGlobalSection
EndGlobal
